
Microsoft Visual Studio Solution File, Format Version 12.00
# Visual Studio Version 16
VisualStudioVersion = 16.0.31025.194
MinimumVisualStudioVersion = 10.0.40219.1
Project("{2150E333-8FDC-42A3-9474-1A3956D46DE8}") = "src", "src", "{65D90320-02E1-43BB-8AC6-873861746133}"
EndProject
Project("{2150E333-8FDC-42A3-9474-1A3956D46DE8}") = "Products", "Products", "{C7CCC2FC-E13E-4938-9FF0-7AA3DE0DA96B}"
EndProject
Project("{9A19103F-16F7-4668-BE54-9A1E7A4F7556}") = "ProductsAPI", "src\Products\ProductsAPI\ProductsAPI.csproj", "{0FFCBD99-884C-4CC8-9C3D-78C98B45456A}"
EndProject
Project("{9A19103F-16F7-4668-BE54-9A1E7A4F7556}") = "Business", "src\Products\Business\Business.csproj", "{38D49299-A401-4FDD-B52D-7173F9B4DD01}"
EndProject
Project("{9A19103F-16F7-4668-BE54-9A1E7A4F7556}") = "Common", "src\Products\Common\Common.csproj", "{65DAF0A1-F19E-41AD-9DFC-E65ADF52A967}"
EndProject
Project("{2150E333-8FDC-42A3-9474-1A3956D46DE8}") = "Transactions", "Transactions", "{DB9854E4-481D-4747-A6A2-D05EE485388A}"
EndProject
Project("{FAE04EC0-301F-11D3-BF4B-00C04F79EFBC}") = "TransactionsAPI", "src\Transactions\TransactionsAPI\TransactionsAPI.csproj", "{8917F38C-46DB-4B13-B689-0913A9422537}"
EndProject
Project("{FAE04EC0-301F-11D3-BF4B-00C04F79EFBC}") = "Business", "src\Transactions\Business\Business.csproj", "{EA69EC4B-6883-4464-A99D-4981B3E72A86}"
EndProject
Project("{FAE04EC0-301F-11D3-BF4B-00C04F79EFBC}") = "Common", "src\Transactions\Common\Common.csproj", "{83E61756-4F1F-49E3-81FF-91BD046F2D62}"
EndProject
Global
	GlobalSection(SolutionConfigurationPlatforms) = preSolution
		Debug|Any CPU = Debug|Any CPU
		Release|Any CPU = Release|Any CPU
	EndGlobalSection
	GlobalSection(ProjectConfigurationPlatforms) = postSolution
		{0FFCBD99-884C-4CC8-9C3D-78C98B45456A}.Debug|Any CPU.ActiveCfg = Debug|Any CPU
		{0FFCBD99-884C-4CC8-9C3D-78C98B45456A}.Debug|Any CPU.Build.0 = Debug|Any CPU
		{0FFCBD99-884C-4CC8-9C3D-78C98B45456A}.Release|Any CPU.ActiveCfg = Release|Any CPU
		{0FFCBD99-884C-4CC8-9C3D-78C98B45456A}.Release|Any CPU.Build.0 = Release|Any CPU
		{38D49299-A401-4FDD-B52D-7173F9B4DD01}.Debug|Any CPU.ActiveCfg = Debug|Any CPU
		{38D49299-A401-4FDD-B52D-7173F9B4DD01}.Debug|Any CPU.Build.0 = Debug|Any CPU
		{38D49299-A401-4FDD-B52D-7173F9B4DD01}.Release|Any CPU.ActiveCfg = Release|Any CPU
		{38D49299-A401-4FDD-B52D-7173F9B4DD01}.Release|Any CPU.Build.0 = Release|Any CPU
		{65DAF0A1-F19E-41AD-9DFC-E65ADF52A967}.Debug|Any CPU.ActiveCfg = Debug|Any CPU
		{65DAF0A1-F19E-41AD-9DFC-E65ADF52A967}.Debug|Any CPU.Build.0 = Debug|Any CPU
		{65DAF0A1-F19E-41AD-9DFC-E65ADF52A967}.Release|Any CPU.ActiveCfg = Release|Any CPU
		{65DAF0A1-F19E-41AD-9DFC-E65ADF52A967}.Release|Any CPU.Build.0 = Release|Any CPU
		{8917F38C-46DB-4B13-B689-0913A9422537}.Debug|Any CPU.ActiveCfg = Debug|Any CPU
		{8917F38C-46DB-4B13-B689-0913A9422537}.Debug|Any CPU.Build.0 = Debug|Any CPU
		{8917F38C-46DB-4B13-B689-0913A9422537}.Release|Any CPU.ActiveCfg = Release|Any CPU
		{8917F38C-46DB-4B13-B689-0913A9422537}.Release|Any CPU.Build.0 = Release|Any CPU
		{EA69EC4B-6883-4464-A99D-4981B3E72A86}.Debug|Any CPU.ActiveCfg = Debug|Any CPU
		{EA69EC4B-6883-4464-A99D-4981B3E72A86}.Debug|Any CPU.Build.0 = Debug|Any CPU
		{EA69EC4B-6883-4464-A99D-4981B3E72A86}.Release|Any CPU.ActiveCfg = Release|Any CPU
		{EA69EC4B-6883-4464-A99D-4981B3E72A86}.Release|Any CPU.Build.0 = Release|Any CPU
		{83E61756-4F1F-49E3-81FF-91BD046F2D62}.Debug|Any CPU.ActiveCfg = Debug|Any CPU
		{83E61756-4F1F-49E3-81FF-91BD046F2D62}.Debug|Any CPU.Build.0 = Debug|Any CPU
		{83E61756-4F1F-49E3-81FF-91BD046F2D62}.Release|Any CPU.ActiveCfg = Release|Any CPU
		{83E61756-4F1F-49E3-81FF-91BD046F2D62}.Release|Any CPU.Build.0 = Release|Any CPU
	EndGlobalSection
	GlobalSection(SolutionProperties) = preSolution
		HideSolutionNode = FALSE
	EndGlobalSection
	GlobalSection(NestedProjects) = preSolution
		{C7CCC2FC-E13E-4938-9FF0-7AA3DE0DA96B} = {65D90320-02E1-43BB-8AC6-873861746133}
		{0FFCBD99-884C-4CC8-9C3D-78C98B45456A} = {C7CCC2FC-E13E-4938-9FF0-7AA3DE0DA96B}
		{38D49299-A401-4FDD-B52D-7173F9B4DD01} = {C7CCC2FC-E13E-4938-9FF0-7AA3DE0DA96B}
		{65DAF0A1-F19E-41AD-9DFC-E65ADF52A967} = {C7CCC2FC-E13E-4938-9FF0-7AA3DE0DA96B}
		{DB9854E4-481D-4747-A6A2-D05EE485388A} = {65D90320-02E1-43BB-8AC6-873861746133}
		{8917F38C-46DB-4B13-B689-0913A9422537} = {DB9854E4-481D-4747-A6A2-D05EE485388A}
		{EA69EC4B-6883-4464-A99D-4981B3E72A86} = {DB9854E4-481D-4747-A6A2-D05EE485388A}
		{83E61756-4F1F-49E3-81FF-91BD046F2D62} = {DB9854E4-481D-4747-A6A2-D05EE485388A}
	EndGlobalSection
	GlobalSection(ExtensibilityGlobals) = postSolution
		SolutionGuid = {5E19A344-FF5B-4E13-AAAF-04EC29253437}
	EndGlobalSection
EndGlobal
